
Microsoft Visual Studio Solution File, Format Version 12.00
# Visual Studio Version 17
VisualStudioVersion = 17.4.33122.133
MinimumVisualStudioVersion = 10.0.40219.1
Project("{FAE04EC0-301F-11D3-BF4B-00C04F79EFBC}") = "CA_HamburgerOtomasyon", "CA_HamburgerOtomasyon\CA_HamburgerOtomasyon.csproj", "{BE881D8C-04F6-47E4-8F64-55131DC8893E}"
EndProject
Global
	GlobalSection(SolutionConfigurationPlatforms) = preSolution
		Debug|Any CPU = Debug|Any CPU
		Release|Any CPU = Release|Any CPU
	EndGlobalSection
	GlobalSection(ProjectConfigurationPlatforms) = postSolution
		{BE881D8C-04F6-47E4-8F64-55131DC8893E}.Debug|Any CPU.ActiveCfg = Debug|Any CPU
		{BE881D8C-04F6-47E4-8F64-55131DC8893E}.Debug|Any CPU.Build.0 = Debug|Any CPU
		{BE881D8C-04F6-47E4-8F64-55131DC8893E}.Release|Any CPU.ActiveCfg = Release|Any CPU
		{BE881D8C-04F6-47E4-8F64-55131DC8893E}.Release|Any CPU.Build.0 = Release|Any CPU
	EndGlobalSection
	GlobalSection(SolutionProperties) = preSolution
		HideSolutionNode = FALSE
	EndGlobalSection
	GlobalSection(ExtensibilityGlobals) = postSolution
		SolutionGuid = {02BA442E-2F4B-475E-A11E-793DEA8F32E3}
	EndGlobalSection
EndGlobal
